
Microsoft Visual Studio Solution File, Format Version 12.00
# Visual Studio 15
VisualStudioVersion = 15.0.27130.2024
MinimumVisualStudioVersion = 10.0.40219.1
Project("{FAE04EC0-301F-11D3-BF4B-00C04F79EFBC}") = "Bizz", "Bizz\Bizz.csproj", "{E40AD137-30E2-492C-B548-16524C165E54}"
EndProject
Project("{FAE04EC0-301F-11D3-BF4B-00C04F79EFBC}") = "chrupdate", "chrupdate\chrupdate.csproj", "{2B0BD3F6-B565-4195-856E-2F8446B62866}"
EndProject
Global
	GlobalSection(SolutionConfigurationPlatforms) = preSolution
		Debug|Any CPU = Debug|Any CPU
		Debug|ARM = Debug|ARM
		Debug|x64 = Debug|x64
		Debug|x86 = Debug|x86
		Release|Any CPU = Release|Any CPU
		Release|ARM = Release|ARM
		Release|x64 = Release|x64
		Release|x86 = Release|x86
	EndGlobalSection
	GlobalSection(ProjectConfigurationPlatforms) = postSolution
		{E40AD137-30E2-492C-B548-16524C165E54}.Debug|Any CPU.ActiveCfg = Debug|Any CPU
		{E40AD137-30E2-492C-B548-16524C165E54}.Debug|Any CPU.Build.0 = Debug|Any CPU
		{E40AD137-30E2-492C-B548-16524C165E54}.Debug|ARM.ActiveCfg = Debug|Any CPU
		{E40AD137-30E2-492C-B548-16524C165E54}.Debug|ARM.Build.0 = Debug|Any CPU
		{E40AD137-30E2-492C-B548-16524C165E54}.Debug|x64.ActiveCfg = Debug|Any CPU
		{E40AD137-30E2-492C-B548-16524C165E54}.Debug|x64.Build.0 = Debug|Any CPU
		{E40AD137-30E2-492C-B548-16524C165E54}.Debug|x86.ActiveCfg = Debug|Any CPU
		{E40AD137-30E2-492C-B548-16524C165E54}.Debug|x86.Build.0 = Debug|Any CPU
		{E40AD137-30E2-492C-B548-16524C165E54}.Release|Any CPU.ActiveCfg = Release|Any CPU
		{E40AD137-30E2-492C-B548-16524C165E54}.Release|Any CPU.Build.0 = Release|Any CPU
		{E40AD137-30E2-492C-B548-16524C165E54}.Release|ARM.ActiveCfg = Release|Any CPU
		{E40AD137-30E2-492C-B548-16524C165E54}.Release|ARM.Build.0 = Release|Any CPU
		{E40AD137-30E2-492C-B548-16524C165E54}.Release|x64.ActiveCfg = Release|Any CPU
		{E40AD137-30E2-492C-B548-16524C165E54}.Release|x64.Build.0 = Release|Any CPU
		{E40AD137-30E2-492C-B548-16524C165E54}.Release|x86.ActiveCfg = Release|Any CPU
		{E40AD137-30E2-492C-B548-16524C165E54}.Release|x86.Build.0 = Release|Any CPU
		{2B0BD3F6-B565-4195-856E-2F8446B62866}.Debug|Any CPU.ActiveCfg = Debug|Any CPU
		{2B0BD3F6-B565-4195-856E-2F8446B62866}.Debug|Any CPU.Build.0 = Debug|Any CPU
		{2B0BD3F6-B565-4195-856E-2F8446B62866}.Debug|ARM.ActiveCfg = Debug|Any CPU
		{2B0BD3F6-B565-4195-856E-2F8446B62866}.Debug|ARM.Build.0 = Debug|Any CPU
		{2B0BD3F6-B565-4195-856E-2F8446B62866}.Debug|x64.ActiveCfg = Debug|Any CPU
		{2B0BD3F6-B565-4195-856E-2F8446B62866}.Debug|x64.Build.0 = Debug|Any CPU
		{2B0BD3F6-B565-4195-856E-2F8446B62866}.Debug|x86.ActiveCfg = Debug|Any CPU
		{2B0BD3F6-B565-4195-856E-2F8446B62866}.Debug|x86.Build.0 = Debug|Any CPU
		{2B0BD3F6-B565-4195-856E-2F8446B62866}.Release|Any CPU.ActiveCfg = Release|Any CPU
		{2B0BD3F6-B565-4195-856E-2F8446B62866}.Release|Any CPU.Build.0 = Release|Any CPU
		{2B0BD3F6-B565-4195-856E-2F8446B62866}.Release|ARM.ActiveCfg = Release|Any CPU
		{2B0BD3F6-B565-4195-856E-2F8446B62866}.Release|ARM.Build.0 = Release|Any CPU
		{2B0BD3F6-B565-4195-856E-2F8446B62866}.Release|x64.ActiveCfg = Release|Any CPU
		{2B0BD3F6-B565-4195-856E-2F8446B62866}.Release|x64.Build.0 = Release|Any CPU
		{2B0BD3F6-B565-4195-856E-2F8446B62866}.Release|x86.ActiveCfg = Release|Any CPU
		{2B0BD3F6-B565-4195-856E-2F8446B62866}.Release|x86.Build.0 = Release|Any CPU
	EndGlobalSection
	GlobalSection(SolutionProperties) = preSolution
		HideSolutionNode = FALSE
	EndGlobalSection
	GlobalSection(ExtensibilityGlobals) = postSolution
		SolutionGuid = {5B2E854A-6CFF-4DF2-A993-5C2CB945FC46}
	EndGlobalSection
EndGlobal
